
Microsoft Visual Studio Solution File, Format Version 12.00
# Visual Studio 2017
Project("{FAE04EC0-301F-11D3-BF4B-00C04F79EFBC}") = "LaSII", "LaSII.csproj", "{19B46D81-F2A4-BD47-EE3B-C0D8F8419664}"
EndProject
Project("{FAE04EC0-301F-11D3-BF4B-00C04F79EFBC}") = "LaSII.Editor", "LaSII.Editor.csproj", "{3C72FA9E-7E46-9BDB-6DC3-EED9469FBD24}"
EndProject
Global
	GlobalSection(SolutionConfigurationPlatforms) = preSolution
		Debug|Any CPU = Debug|Any CPU
		Release|Any CPU = Release|Any CPU
	EndGlobalSection
	GlobalSection(ProjectConfigurationPlatforms) = postSolution
		{19B46D81-F2A4-BD47-EE3B-C0D8F8419664}.Debug|Any CPU.ActiveCfg = Debug|Any CPU
		{19B46D81-F2A4-BD47-EE3B-C0D8F8419664}.Debug|Any CPU.Build.0 = Debug|Any CPU
		{19B46D81-F2A4-BD47-EE3B-C0D8F8419664}.Release|Any CPU.ActiveCfg = Release|Any CPU
		{19B46D81-F2A4-BD47-EE3B-C0D8F8419664}.Release|Any CPU.Build.0 = Release|Any CPU
		{3C72FA9E-7E46-9BDB-6DC3-EED9469FBD24}.Debug|Any CPU.ActiveCfg = Debug|Any CPU
		{3C72FA9E-7E46-9BDB-6DC3-EED9469FBD24}.Debug|Any CPU.Build.0 = Debug|Any CPU
		{3C72FA9E-7E46-9BDB-6DC3-EED9469FBD24}.Release|Any CPU.ActiveCfg = Release|Any CPU
		{3C72FA9E-7E46-9BDB-6DC3-EED9469FBD24}.Release|Any CPU.Build.0 = Release|Any CPU
	EndGlobalSection
	GlobalSection(SolutionProperties) = preSolution
		HideSolutionNode = FALSE
	EndGlobalSection
EndGlobal
